
Microsoft Visual Studio Solution File, Format Version 12.00
# Visual Studio Version 17
VisualStudioVersion = 17.14.36408.4
MinimumVisualStudioVersion = 10.0.40219.1
Project("{FAE04EC0-301F-11D3-BF4B-00C04F79EFBC}") = "akbars", "akbars\akbars.csproj", "{9EAC7541-AF88-4265-A18C-CCB454C61036}"
EndProject
Global
	GlobalSection(SolutionConfigurationPlatforms) = preSolution
		Debug|Any CPU = Debug|Any CPU
		Release|Any CPU = Release|Any CPU
	EndGlobalSection
	GlobalSection(ProjectConfigurationPlatforms) = postSolution
		{9EAC7541-AF88-4265-A18C-CCB454C61036}.Debug|Any CPU.ActiveCfg = Debug|Any CPU
		{9EAC7541-AF88-4265-A18C-CCB454C61036}.Debug|Any CPU.Build.0 = Debug|Any CPU
		{9EAC7541-AF88-4265-A18C-CCB454C61036}.Release|Any CPU.ActiveCfg = Release|Any CPU
		{9EAC7541-AF88-4265-A18C-CCB454C61036}.Release|Any CPU.Build.0 = Release|Any CPU
	EndGlobalSection
	GlobalSection(SolutionProperties) = preSolution
		HideSolutionNode = FALSE
	EndGlobalSection
	GlobalSection(ExtensibilityGlobals) = postSolution
		SolutionGuid = {54C35BAA-5DC0-4E79-AB55-02DB4974E029}
	EndGlobalSection
EndGlobal
